
Microsoft Visual Studio Solution File, Format Version 12.00
# Visual Studio 15
VisualStudioVersion = 15.0.28010.2036
MinimumVisualStudioVersion = 10.0.40219.1
Project("{FAE04EC0-301F-11D3-BF4B-00C04F79EFBC}") = "wpfCaptureMacro", "wpfCaptureMacro\wpfCaptureMacro.csproj", "{DB763EE7-4E95-4E42-BE60-BFE334C37CFC}"
EndProject
Global
	GlobalSection(SolutionConfigurationPlatforms) = preSolution
		Debug|Any CPU = Debug|Any CPU
		Release|Any CPU = Release|Any CPU
	EndGlobalSection
	GlobalSection(ProjectConfigurationPlatforms) = postSolution
		{DB763EE7-4E95-4E42-BE60-BFE334C37CFC}.Debug|Any CPU.ActiveCfg = Debug|Any CPU
		{DB763EE7-4E95-4E42-BE60-BFE334C37CFC}.Debug|Any CPU.Build.0 = Debug|Any CPU
		{DB763EE7-4E95-4E42-BE60-BFE334C37CFC}.Release|Any CPU.ActiveCfg = Release|Any CPU
		{DB763EE7-4E95-4E42-BE60-BFE334C37CFC}.Release|Any CPU.Build.0 = Release|Any CPU
	EndGlobalSection
	GlobalSection(SolutionProperties) = preSolution
		HideSolutionNode = FALSE
	EndGlobalSection
	GlobalSection(ExtensibilityGlobals) = postSolution
		SolutionGuid = {C7957B3D-8540-47C6-AE5D-CE51A93F58B7}
	EndGlobalSection
EndGlobal
